{
  "name": "dynamic-module-federation-assets",
  "version": "1.0.0",
  "lockfileVersion": 1,
  "requires": true,
  "dependencies": {
    "@waldronmatt/prettier-config": {
      "version": "1.0.3",
      "resolved": "https://registry.npmjs.org/@waldronmatt/prettier-config/-/prettier-config-1.0.3.tgz",
      "integrity": "sha512-EmpeugMSmvDF+++aQi/5YCF5DqBi1hNeqvFH+eUcxRIccWz5gSjZ/6m9014wty8Z94zqm5mLPq6TiVqjG+EG4w==",
      "dev": true
    }
  }
}
